
Microsoft Visual Studio Solution File, Format Version 12.00
# Visual Studio Version 17
VisualStudioVersion = 17.0.31903.59
MinimumVisualStudioVersion = 10.0.40219.1
Project("{FAE04EC0-301F-11D3-BF4B-00C04F79EFBC}") = "ImageProcessingApi", "ImageProcessingApi\ImageProcessingApi.csproj", "{02132377-FAEF-4B0A-8513-2025B824B908}"
EndProject
Project("{FAE04EC0-301F-11D3-BF4B-00C04F79EFBC}") = "ImageProcessingService", "ImageProcessingService\ImageProcessingService.csproj", "{CD196665-6CA7-4D58-A85B-04F68EBB0C6A}"
EndProject
Project("{FAE04EC0-301F-11D3-BF4B-00C04F79EFBC}") = "Models", "Models\Models.csproj", "{AB70BEA4-5C7F-494C-860F-6EB0044318A1}"
EndProject
Global
	GlobalSection(SolutionConfigurationPlatforms) = preSolution
		Debug|Any CPU = Debug|Any CPU
		Release|Any CPU = Release|Any CPU
	EndGlobalSection
	GlobalSection(SolutionProperties) = preSolution
		HideSolutionNode = FALSE
	EndGlobalSection
	GlobalSection(ProjectConfigurationPlatforms) = postSolution
		{02132377-FAEF-4B0A-8513-2025B824B908}.Debug|Any CPU.ActiveCfg = Debug|Any CPU
		{02132377-FAEF-4B0A-8513-2025B824B908}.Debug|Any CPU.Build.0 = Debug|Any CPU
		{02132377-FAEF-4B0A-8513-2025B824B908}.Release|Any CPU.ActiveCfg = Release|Any CPU
		{02132377-FAEF-4B0A-8513-2025B824B908}.Release|Any CPU.Build.0 = Release|Any CPU
		{CD196665-6CA7-4D58-A85B-04F68EBB0C6A}.Debug|Any CPU.ActiveCfg = Debug|Any CPU
		{CD196665-6CA7-4D58-A85B-04F68EBB0C6A}.Debug|Any CPU.Build.0 = Debug|Any CPU
		{CD196665-6CA7-4D58-A85B-04F68EBB0C6A}.Release|Any CPU.ActiveCfg = Release|Any CPU
		{CD196665-6CA7-4D58-A85B-04F68EBB0C6A}.Release|Any CPU.Build.0 = Release|Any CPU
		{AB70BEA4-5C7F-494C-860F-6EB0044318A1}.Debug|Any CPU.ActiveCfg = Debug|Any CPU
		{AB70BEA4-5C7F-494C-860F-6EB0044318A1}.Debug|Any CPU.Build.0 = Debug|Any CPU
		{AB70BEA4-5C7F-494C-860F-6EB0044318A1}.Release|Any CPU.ActiveCfg = Release|Any CPU
		{AB70BEA4-5C7F-494C-860F-6EB0044318A1}.Release|Any CPU.Build.0 = Release|Any CPU
	EndGlobalSection
EndGlobal
